// !$*UTF8*$!
{
	archiveVersion = 1;
	classes = {
	};
	objectVersion = 56;
	objects = {

/* Begin PBXBuildFile section */
		6B02BCE52C0F615D0035E44E /* CyclOpsApp.swift in Sources */ = {isa = PBXBuildFile; fileRef = 6B02BCE42C0F615D0035E44E /* CyclOpsApp.swift */; };
		6B02BCE72C0F615D0035E44E /* ContentView.swift in Sources */ = {isa = PBXBuildFile; fileRef = 6B02BCE62C0F615D0035E44E /* ContentView.swift */; };
		6B02BCE92C0F615F0035E44E /* Assets.xcassets in Resources */ = {isa = PBXBuildFile; fileRef = 6B02BCE82C0F615F0035E44E /* Assets.xcassets */; };
		6B02BCEC2C0F615F0035E44E /* Preview Assets.xcassets in Resources */ = {isa = PBXBuildFile; fileRef = 6B02BCEB2C0F615F0035E44E /* Preview Assets.xcassets */; };
		6B02BCF62C0F615F0035E44E /* CyclOpsTests.swift in Sources */ = {isa = PBXBuildFile; fileRef = 6B02BCF52C0F615F0035E44E /* CyclOpsTests.swift */; };
		6B02BD002C0F615F0035E44E /* CyclOpsUITests.swift in Sources */ = {isa = PBXBuildFile; fileRef = 6B02BCFF2C0F615F0035E44E /* CyclOpsUITests.swift */; };
		6B02BD022C0F615F0035E44E /* CyclOpsUITestsLaunchTests.swift in Sources */ = {isa = PBXBuildFile; fileRef = 6B02BD012C0F615F0035E44E /* CyclOpsUITestsLaunchTests.swift */; };
		6B02BD122C0F76E10035E44E /* Home.swift in Sources */ = {isa = PBXBuildFile; fileRef = 6B02BD112C0F76E10035E44E /* Home.swift */; };
		6B02BD142C0F76FB0035E44E /* Camera.swift in Sources */ = {isa = PBXBuildFile; fileRef = 6B02BD132C0F76FB0035E44E /* Camera.swift */; };
		6B02BD162C0F77420035E44E /* Devices.swift in Sources */ = {isa = PBXBuildFile; fileRef = 6B02BD152C0F77420035E44E /* Devices.swift */; };
		6B02BD182C0F78C30035E44E /* HomeUI.swift in Sources */ = {isa = PBXBuildFile; fileRef = 6B02BD172C0F78C30035E44E /* HomeUI.swift */; };
		6B02BD1A2C0F78D40035E44E /* CameraUI.swift in Sources */ = {isa = PBXBuildFile; fileRef = 6B02BD192C0F78D40035E44E /* CameraUI.swift */; };
		6B02BD1C2C0F78EB0035E44E /* DevicesUI.swift in Sources */ = {isa = PBXBuildFile; fileRef = 6B02BD1B2C0F78EB0035E44E /* DevicesUI.swift */; };
		6B5DCD282C10CB58000C942F /* Service.swift in Sources */ = {isa = PBXBuildFile; fileRef = 6B5DCD272C10CB58000C942F /* Service.swift */; };
		6B5DCD2A2C10CFF7000C942F /* Peripheral.swift in Sources */ = {isa = PBXBuildFile; fileRef = 6B5DCD292C10CFF7000C942F /* Peripheral.swift */; };
		6B5DCD2D2C10D16D000C942F /* CBPeripheralProtocolDelegate.swift in Sources */ = {isa = PBXBuildFile; fileRef = 6B5DCD2C2C10D16D000C942F /* CBPeripheralProtocolDelegate.swift */; };
		6B5DCD2F2C10D5E8000C942F /* Characteristic.swift in Sources */ = {isa = PBXBuildFile; fileRef = 6B5DCD2E2C10D5E8000C942F /* Characteristic.swift */; };
		6B5DCD322C10D68D000C942F /* Mock.swift in Sources */ = {isa = PBXBuildFile; fileRef = 6B5DCD312C10D68D000C942F /* Mock.swift */; };
		6B5DCD352C10D7B0000C942F /* CBViewModel.swift in Sources */ = {isa = PBXBuildFile; fileRef = 6B5DCD342C10D7B0000C942F /* CBViewModel.swift */; };
		6B5DCD372C10D885000C942F /* CBCentralManagerMock.swift in Sources */ = {isa = PBXBuildFile; fileRef = 6B5DCD362C10D885000C942F /* CBCentralManagerMock.swift */; };
		6B5DCD392C10D8BA000C942F /* CBPeripheralMock.swift in Sources */ = {isa = PBXBuildFile; fileRef = 6B5DCD382C10D8BA000C942F /* CBPeripheralMock.swift */; };
		6B5DCD3B2C10D8EE000C942F /* ServiceCharacteristicsMock.swift in Sources */ = {isa = PBXBuildFile; fileRef = 6B5DCD3A2C10D8EE000C942F /* ServiceCharacteristicsMock.swift */; };
		6B5DCD3D2C10DBCD000C942F /* CBExtension+Delegate.swift in Sources */ = {isa = PBXBuildFile; fileRef = 6B5DCD3C2C10DBCD000C942F /* CBExtension+Delegate.swift */; };
		6B5DCD3F2C10DC7A000C942F /* CBExtension+DevicesUI.swift in Sources */ = {isa = PBXBuildFile; fileRef = 6B5DCD3E2C10DC7A000C942F /* CBExtension+DevicesUI.swift */; };
		6B8B5D342C0FB1AE000D2BD3 /* Fonts in Resources */ = {isa = PBXBuildFile; fileRef = 6B8B5D332C0FB1AE000D2BD3 /* Fonts */; };
		6B8B5D372C0FBC90000D2BD3 /* DetectionManager.swift in Sources */ = {isa = PBXBuildFile; fileRef = 6B8B5D362C0FBC90000D2BD3 /* DetectionManager.swift */; };
		6B8B5D392C0FCAE4000D2BD3 /* ExtendedUIStyle.swift in Sources */ = {isa = PBXBuildFile; fileRef = 6B8B5D382C0FCAE4000D2BD3 /* ExtendedUIStyle.swift */; };
/* End PBXBuildFile section */

/* Begin PBXContainerItemProxy section */
		6B02BCF22C0F615F0035E44E /* PBXContainerItemProxy */ = {
			isa = PBXContainerItemProxy;
			containerPortal = 6B02BCD92C0F615D0035E44E /* Project object */;
			proxyType = 1;
			remoteGlobalIDString = 6B02BCE02C0F615D0035E44E;
			remoteInfo = CyclOps;
		};
		6B02BCFC2C0F615F0035E44E /* PBXContainerItemProxy */ = {
			isa = PBXContainerItemProxy;
			containerPortal = 6B02BCD92C0F615D0035E44E /* Project object */;
			proxyType = 1;
			remoteGlobalIDString = 6B02BCE02C0F615D0035E44E;
			remoteInfo = CyclOps;
		};
/* End PBXContainerItemProxy section */

/* Begin PBXFileReference section */
		6B02BCE12C0F615D0035E44E /* CyclOps.app */ = {isa = PBXFileReference; explicitFileType = wrapper.application; includeInIndex = 0; path = CyclOps.app; sourceTree = BUILT_PRODUCTS_DIR; };
		6B02BCE42C0F615D0035E44E /* CyclOpsApp.swift */ = {isa = PBXFileReference; lastKnownFileType = sourcecode.swift; path = CyclOpsApp.swift; sourceTree = "<group>"; };
		6B02BCE62C0F615D0035E44E /* ContentView.swift */ = {isa = PBXFileReference; lastKnownFileType = sourcecode.swift; path = ContentView.swift; sourceTree = "<group>"; };
		6B02BCE82C0F615F0035E44E /* Assets.xcassets */ = {isa = PBXFileReference; lastKnownFileType = folder.assetcatalog; path = Assets.xcassets; sourceTree = "<group>"; };
		6B02BCEB2C0F615F0035E44E /* Preview Assets.xcassets */ = {isa = PBXFileReference; lastKnownFileType = folder.assetcatalog; path = "Preview Assets.xcassets"; sourceTree = "<group>"; };
		6B02BCF12C0F615F0035E44E /* CyclOpsTests.xctest */ = {isa = PBXFileReference; explicitFileType = wrapper.cfbundle; includeInIndex = 0; path = CyclOpsTests.xctest; sourceTree = BUILT_PRODUCTS_DIR; };
		6B02BCF52C0F615F0035E44E /* CyclOpsTests.swift */ = {isa = PBXFileReference; lastKnownFileType = sourcecode.swift; path = CyclOpsTests.swift; sourceTree = "<group>"; };
		6B02BCFB2C0F615F0035E44E /* CyclOpsUITests.xctest */ = {isa = PBXFileReference; explicitFileType = wrapper.cfbundle; includeInIndex = 0; path = CyclOpsUITests.xctest; sourceTree = BUILT_PRODUCTS_DIR; };
		6B02BCFF2C0F615F0035E44E /* CyclOpsUITests.swift */ = {isa = PBXFileReference; lastKnownFileType = sourcecode.swift; path = CyclOpsUITests.swift; sourceTree = "<group>"; };
		6B02BD012C0F615F0035E44E /* CyclOpsUITestsLaunchTests.swift */ = {isa = PBXFileReference; lastKnownFileType = sourcecode.swift; path = CyclOpsUITestsLaunchTests.swift; sourceTree = "<group>"; };
		6B02BD0E2C0F62220035E44E /* Info.plist */ = {isa = PBXFileReference; lastKnownFileType = text.plist; path = Info.plist; sourceTree = "<group>"; };
		6B02BD112C0F76E10035E44E /* Home.swift */ = {isa = PBXFileReference; lastKnownFileType = sourcecode.swift; path = Home.swift; sourceTree = "<group>"; };
		6B02BD132C0F76FB0035E44E /* Camera.swift */ = {isa = PBXFileReference; lastKnownFileType = sourcecode.swift; path = Camera.swift; sourceTree = "<group>"; };
		6B02BD152C0F77420035E44E /* Devices.swift */ = {isa = PBXFileReference; lastKnownFileType = sourcecode.swift; path = Devices.swift; sourceTree = "<group>"; };
		6B02BD172C0F78C30035E44E /* HomeUI.swift */ = {isa = PBXFileReference; lastKnownFileType = sourcecode.swift; path = HomeUI.swift; sourceTree = "<group>"; };
		6B02BD192C0F78D40035E44E /* CameraUI.swift */ = {isa = PBXFileReference; lastKnownFileType = sourcecode.swift; path = CameraUI.swift; sourceTree = "<group>"; };
		6B02BD1B2C0F78EB0035E44E /* DevicesUI.swift */ = {isa = PBXFileReference; lastKnownFileType = sourcecode.swift; path = DevicesUI.swift; sourceTree = "<group>"; };
		6B5DCD272C10CB58000C942F /* Service.swift */ = {isa = PBXFileReference; lastKnownFileType = sourcecode.swift; path = Service.swift; sourceTree = "<group>"; };
		6B5DCD292C10CFF7000C942F /* Peripheral.swift */ = {isa = PBXFileReference; lastKnownFileType = sourcecode.swift; path = Peripheral.swift; sourceTree = "<group>"; };
		6B5DCD2C2C10D16D000C942F /* CBPeripheralProtocolDelegate.swift */ = {isa = PBXFileReference; lastKnownFileType = sourcecode.swift; path = CBPeripheralProtocolDelegate.swift; sourceTree = "<group>"; };
		6B5DCD2E2C10D5E8000C942F /* Characteristic.swift */ = {isa = PBXFileReference; lastKnownFileType = sourcecode.swift; path = Characteristic.swift; sourceTree = "<group>"; };
		6B5DCD312C10D68D000C942F /* Mock.swift */ = {isa = PBXFileReference; lastKnownFileType = sourcecode.swift; path = Mock.swift; sourceTree = "<group>"; };
		6B5DCD342C10D7B0000C942F /* CBViewModel.swift */ = {isa = PBXFileReference; lastKnownFileType = sourcecode.swift; path = CBViewModel.swift; sourceTree = "<group>"; };
		6B5DCD362C10D885000C942F /* CBCentralManagerMock.swift */ = {isa = PBXFileReference; lastKnownFileType = sourcecode.swift; path = CBCentralManagerMock.swift; sourceTree = "<group>"; };
		6B5DCD382C10D8BA000C942F /* CBPeripheralMock.swift */ = {isa = PBXFileReference; lastKnownFileType = sourcecode.swift; path = CBPeripheralMock.swift; sourceTree = "<group>"; };
		6B5DCD3A2C10D8EE000C942F /* ServiceCharacteristicsMock.swift */ = {isa = PBXFileReference; lastKnownFileType = sourcecode.swift; path = ServiceCharacteristicsMock.swift; sourceTree = "<group>"; };
		6B5DCD3C2C10DBCD000C942F /* CBExtension+Delegate.swift */ = {isa = PBXFileReference; lastKnownFileType = sourcecode.swift; path = "CBExtension+Delegate.swift"; sourceTree = "<group>"; };
		6B5DCD3E2C10DC7A000C942F /* CBExtension+DevicesUI.swift */ = {isa = PBXFileReference; lastKnownFileType = sourcecode.swift; path = "CBExtension+DevicesUI.swift"; sourceTree = "<group>"; };
		6B8B5D332C0FB1AE000D2BD3 /* Fonts */ = {isa = PBXFileReference; lastKnownFileType = folder; path = Fonts; sourceTree = "<group>"; };
		6B8B5D362C0FBC90000D2BD3 /* DetectionManager.swift */ = {isa = PBXFileReference; lastKnownFileType = sourcecode.swift; path = DetectionManager.swift; sourceTree = "<group>"; };
		6B8B5D382C0FCAE4000D2BD3 /* ExtendedUIStyle.swift */ = {isa = PBXFileReference; lastKnownFileType = sourcecode.swift; path = ExtendedUIStyle.swift; sourceTree = "<group>"; };
/* End PBXFileReference section */

/* Begin PBXFrameworksBuildPhase section */
		6B02BCDE2C0F615D0035E44E /* Frameworks */ = {
			isa = PBXFrameworksBuildPhase;
			buildActionMask = 2147483647;
			files = (
			);
			runOnlyForDeploymentPostprocessing = 0;
		};
		6B02BCEE2C0F615F0035E44E /* Frameworks */ = {
			isa = PBXFrameworksBuildPhase;
			buildActionMask = 2147483647;
			files = (
			);
			runOnlyForDeploymentPostprocessing = 0;
		};
		6B02BCF82C0F615F0035E44E /* Frameworks */ = {
			isa = PBXFrameworksBuildPhase;
			buildActionMask = 2147483647;
			files = (
			);
			runOnlyForDeploymentPostprocessing = 0;
		};
/* End PBXFrameworksBuildPhase section */

/* Begin PBXGroup section */
		6B02BCD82C0F615D0035E44E = {
			isa = PBXGroup;
			children = (
				6B02BCE32C0F615D0035E44E /* CyclOps */,
				6B02BCF42C0F615F0035E44E /* CyclOpsTests */,
				6B02BCFE2C0F615F0035E44E /* CyclOpsUITests */,
				6B02BCE22C0F615D0035E44E /* Products */,
			);
			sourceTree = "<group>";
		};
		6B02BCE22C0F615D0035E44E /* Products */ = {
			isa = PBXGroup;
			children = (
				6B02BCE12C0F615D0035E44E /* CyclOps.app */,
				6B02BCF12C0F615F0035E44E /* CyclOpsTests.xctest */,
				6B02BCFB2C0F615F0035E44E /* CyclOpsUITests.xctest */,
			);
			name = Products;
			sourceTree = "<group>";
		};
		6B02BCE32C0F615D0035E44E /* CyclOps */ = {
			isa = PBXGroup;
			children = (
				6B5DCD242C10C96F000C942F /* Model */,
				6B8B5D352C0FBBFF000D2BD3 /* ObjectDetection */,
				6B8B5D332C0FB1AE000D2BD3 /* Fonts */,
				6B02BD102C0F76B50035E44E /* ViewModel */,
				6B02BD0F2C0F76A80035E44E /* View */,
				6B02BD0E2C0F62220035E44E /* Info.plist */,
				6B02BCE42C0F615D0035E44E /* CyclOpsApp.swift */,
				6B02BCE62C0F615D0035E44E /* ContentView.swift */,
				6B02BCE82C0F615F0035E44E /* Assets.xcassets */,
				6B02BCEA2C0F615F0035E44E /* Preview Content */,
				6B8B5D382C0FCAE4000D2BD3 /* ExtendedUIStyle.swift */,
			);
			path = CyclOps;
			sourceTree = "<group>";
		};
		6B02BCEA2C0F615F0035E44E /* Preview Content */ = {
			isa = PBXGroup;
			children = (
				6B02BCEB2C0F615F0035E44E /* Preview Assets.xcassets */,
			);
			path = "Preview Content";
			sourceTree = "<group>";
		};
		6B02BCF42C0F615F0035E44E /* CyclOpsTests */ = {
			isa = PBXGroup;
			children = (
				6B02BCF52C0F615F0035E44E /* CyclOpsTests.swift */,
			);
			path = CyclOpsTests;
			sourceTree = "<group>";
		};
		6B02BCFE2C0F615F0035E44E /* CyclOpsUITests */ = {
			isa = PBXGroup;
			children = (
				6B02BCFF2C0F615F0035E44E /* CyclOpsUITests.swift */,
				6B02BD012C0F615F0035E44E /* CyclOpsUITestsLaunchTests.swift */,
			);
			path = CyclOpsUITests;
			sourceTree = "<group>";
		};
		6B02BD0F2C0F76A80035E44E /* View */ = {
			isa = PBXGroup;
			children = (
				6B02BD112C0F76E10035E44E /* Home.swift */,
				6B02BD132C0F76FB0035E44E /* Camera.swift */,
				6B02BD152C0F77420035E44E /* Devices.swift */,
			);
			path = View;
			sourceTree = "<group>";
		};
		6B02BD102C0F76B50035E44E /* ViewModel */ = {
			isa = PBXGroup;
			children = (
				6B5DCD332C10D716000C942F /* CoreBluetooth */,
				6B02BD172C0F78C30035E44E /* HomeUI.swift */,
				6B02BD192C0F78D40035E44E /* CameraUI.swift */,
				6B02BD1B2C0F78EB0035E44E /* DevicesUI.swift */,
			);
			path = ViewModel;
			sourceTree = "<group>";
		};
		6B5DCD242C10C96F000C942F /* Model */ = {
			isa = PBXGroup;
			children = (
				6B5DCD252C10C98B000C942F /* CoreBluetooth */,
			);
			path = Model;
			sourceTree = "<group>";
		};
		6B5DCD252C10C98B000C942F /* CoreBluetooth */ = {
			isa = PBXGroup;
			children = (
				6B5DCD302C10D666000C942F /* Mock */,
				6B5DCD2B2C10D14B000C942F /* Delegate */,
				6B5DCD262C10CB27000C942F /* Store */,
			);
			path = CoreBluetooth;
			sourceTree = "<group>";
		};
		6B5DCD262C10CB27000C942F /* Store */ = {
			isa = PBXGroup;
			children = (
				6B5DCD272C10CB58000C942F /* Service.swift */,
				6B5DCD292C10CFF7000C942F /* Peripheral.swift */,
				6B5DCD2E2C10D5E8000C942F /* Characteristic.swift */,
			);
			path = Store;
			sourceTree = "<group>";
		};
		6B5DCD2B2C10D14B000C942F /* Delegate */ = {
			isa = PBXGroup;
			children = (
				6B5DCD2C2C10D16D000C942F /* CBPeripheralProtocolDelegate.swift */,
			);
			path = Delegate;
			sourceTree = "<group>";
		};
		6B5DCD302C10D666000C942F /* Mock */ = {
			isa = PBXGroup;
			children = (
				6B5DCD312C10D68D000C942F /* Mock.swift */,
				6B5DCD362C10D885000C942F /* CBCentralManagerMock.swift */,
				6B5DCD382C10D8BA000C942F /* CBPeripheralMock.swift */,
				6B5DCD3A2C10D8EE000C942F /* ServiceCharacteristicsMock.swift */,
			);
			path = Mock;
			sourceTree = "<group>";
		};
		6B5DCD332C10D716000C942F /* CoreBluetooth */ = {
			isa = PBXGroup;
			children = (
				6B5DCD342C10D7B0000C942F /* CBViewModel.swift */,
				6B5DCD3C2C10DBCD000C942F /* CBExtension+Delegate.swift */,
				6B5DCD3E2C10DC7A000C942F /* CBExtension+DevicesUI.swift */,
			);
			path = CoreBluetooth;
			sourceTree = "<group>";
		};
		6B8B5D352C0FBBFF000D2BD3 /* ObjectDetection */ = {
			isa = PBXGroup;
			children = (
				6B8B5D362C0FBC90000D2BD3 /* DetectionManager.swift */,
			);
			path = ObjectDetection;
			sourceTree = "<group>";
		};
/* End PBXGroup section */

/* Begin PBXNativeTarget section */
		6B02BCE02C0F615D0035E44E /* CyclOps */ = {
			isa = PBXNativeTarget;
			buildConfigurationList = 6B02BD052C0F615F0035E44E /* Build configuration list for PBXNativeTarget "CyclOps" */;
			buildPhases = (
				6B02BCDD2C0F615D0035E44E /* Sources */,
				6B02BCDE2C0F615D0035E44E /* Frameworks */,
				6B02BCDF2C0F615D0035E44E /* Resources */,
			);
			buildRules = (
			);
			dependencies = (
			);
			name = CyclOps;
			productName = CyclOps;
			productReference = 6B02BCE12C0F615D0035E44E /* CyclOps.app */;
			productType = "com.apple.product-type.application";
		};
		6B02BCF02C0F615F0035E44E /* CyclOpsTests */ = {
			isa = PBXNativeTarget;
			buildConfigurationList = 6B02BD082C0F615F0035E44E /* Build configuration list for PBXNativeTarget "CyclOpsTests" */;
			buildPhases = (
				6B02BCED2C0F615F0035E44E /* Sources */,
				6B02BCEE2C0F615F0035E44E /* Frameworks */,
				6B02BCEF2C0F615F0035E44E /* Resources */,
			);
			buildRules = (
			);
			dependencies = (
				6B02BCF32C0F615F0035E44E /* PBXTargetDependency */,
			);
			name = CyclOpsTests;
			productName = CyclOpsTests;
			productReference = 6B02BCF12C0F615F0035E44E /* CyclOpsTests.xctest */;
			productType = "com.apple.product-type.bundle.unit-test";
		};
		6B02BCFA2C0F615F0035E44E /* CyclOpsUITests */ = {
			isa = PBXNativeTarget;
			buildConfigurationList = 6B02BD0B2C0F615F0035E44E /* Build configuration list for PBXNativeTarget "CyclOpsUITests" */;
			buildPhases = (
				6B02BCF72C0F615F0035E44E /* Sources */,
				6B02BCF82C0F615F0035E44E /* Frameworks */,
				6B02BCF92C0F615F0035E44E /* Resources */,
			);
			buildRules = (
			);
			dependencies = (
				6B02BCFD2C0F615F0035E44E /* PBXTargetDependency */,
			);
			name = CyclOpsUITests;
			productName = CyclOpsUITests;
			productReference = 6B02BCFB2C0F615F0035E44E /* CyclOpsUITests.xctest */;
			productType = "com.apple.product-type.bundle.ui-testing";
		};
/* End PBXNativeTarget section */

/* Begin PBXProject section */
		6B02BCD92C0F615D0035E44E /* Project object */ = {
			isa = PBXProject;
			attributes = {
				BuildIndependentTargetsInParallel = 1;
				LastSwiftUpdateCheck = 1540;
				LastUpgradeCheck = 1540;
				TargetAttributes = {
					6B02BCE02C0F615D0035E44E = {
						CreatedOnToolsVersion = 15.4;
					};
					6B02BCF02C0F615F0035E44E = {
						CreatedOnToolsVersion = 15.4;
						TestTargetID = 6B02BCE02C0F615D0035E44E;
					};
					6B02BCFA2C0F615F0035E44E = {
						CreatedOnToolsVersion = 15.4;
						TestTargetID = 6B02BCE02C0F615D0035E44E;
					};
				};
			};
			buildConfigurationList = 6B02BCDC2C0F615D0035E44E /* Build configuration list for PBXProject "CyclOps" */;
			compatibilityVersion = "Xcode 14.0";
			developmentRegion = en;
			hasScannedForEncodings = 0;
			knownRegions = (
				en,
				Base,
			);
			mainGroup = 6B02BCD82C0F615D0035E44E;
			productRefGroup = 6B02BCE22C0F615D0035E44E /* Products */;
			projectDirPath = "";
			projectRoot = "";
			targets = (
				6B02BCE02C0F615D0035E44E /* CyclOps */,
				6B02BCF02C0F615F0035E44E /* CyclOpsTests */,
				6B02BCFA2C0F615F0035E44E /* CyclOpsUITests */,
			);
		};
/* End PBXProject section */

/* Begin PBXResourcesBuildPhase section */
		6B02BCDF2C0F615D0035E44E /* Resources */ = {
			isa = PBXResourcesBuildPhase;
			buildActionMask = 2147483647;
			files = (
				6B8B5D342C0FB1AE000D2BD3 /* Fonts in Resources */,
				6B02BCEC2C0F615F0035E44E /* Preview Assets.xcassets in Resources */,
				6B02BCE92C0F615F0035E44E /* Assets.xcassets in Resources */,
			);
			runOnlyForDeploymentPostprocessing = 0;
		};
		6B02BCEF2C0F615F0035E44E /* Resources */ = {
			isa = PBXResourcesBuildPhase;
			buildActionMask = 2147483647;
			files = (
			);
			runOnlyForDeploymentPostprocessing = 0;
		};
		6B02BCF92C0F615F0035E44E /* Resources */ = {
			isa = PBXResourcesBuildPhase;
			buildActionMask = 2147483647;
			files = (
			);
			runOnlyForDeploymentPostprocessing = 0;
		};
/* End PBXResourcesBuildPhase section */

/* Begin PBXSourcesBuildPhase section */
		6B02BCDD2C0F615D0035E44E /* Sources */ = {
			isa = PBXSourcesBuildPhase;
			buildActionMask = 2147483647;
			files = (
				6B8B5D392C0FCAE4000D2BD3 /* ExtendedUIStyle.swift in Sources */,
				6B02BD182C0F78C30035E44E /* HomeUI.swift in Sources */,
				6B5DCD392C10D8BA000C942F /* CBPeripheralMock.swift in Sources */,
				6B02BD142C0F76FB0035E44E /* Camera.swift in Sources */,
				6B5DCD372C10D885000C942F /* CBCentralManagerMock.swift in Sources */,
				6B5DCD3D2C10DBCD000C942F /* CBExtension+Delegate.swift in Sources */,
				6B5DCD2D2C10D16D000C942F /* CBPeripheralProtocolDelegate.swift in Sources */,
				6B02BCE72C0F615D0035E44E /* ContentView.swift in Sources */,
				6B5DCD3B2C10D8EE000C942F /* ServiceCharacteristicsMock.swift in Sources */,
				6B02BD1C2C0F78EB0035E44E /* DevicesUI.swift in Sources */,
				6B5DCD3F2C10DC7A000C942F /* CBExtension+DevicesUI.swift in Sources */,
				6B02BD162C0F77420035E44E /* Devices.swift in Sources */,
				6B02BD122C0F76E10035E44E /* Home.swift in Sources */,
				6B5DCD2A2C10CFF7000C942F /* Peripheral.swift in Sources */,
				6B02BCE52C0F615D0035E44E /* CyclOpsApp.swift in Sources */,
				6B5DCD282C10CB58000C942F /* Service.swift in Sources */,
				6B5DCD322C10D68D000C942F /* Mock.swift in Sources */,
				6B8B5D372C0FBC90000D2BD3 /* DetectionManager.swift in Sources */,
				6B5DCD352C10D7B0000C942F /* CBViewModel.swift in Sources */,
				6B5DCD2F2C10D5E8000C942F /* Characteristic.swift in Sources */,
				6B02BD1A2C0F78D40035E44E /* CameraUI.swift in Sources */,
			);
			runOnlyForDeploymentPostprocessing = 0;
		};
		6B02BCED2C0F615F0035E44E /* Sources */ = {
			isa = PBXSourcesBuildPhase;
			buildActionMask = 2147483647;
			files = (
				6B02BCF62C0F615F0035E44E /* CyclOpsTests.swift in Sources */,
			);
			runOnlyForDeploymentPostprocessing = 0;
		};
		6B02BCF72C0F615F0035E44E /* Sources */ = {
			isa = PBXSourcesBuildPhase;
			buildActionMask = 2147483647;
			files = (
				6B02BD022C0F615F0035E44E /* CyclOpsUITestsLaunchTests.swift in Sources */,
				6B02BD002C0F615F0035E44E /* CyclOpsUITests.swift in Sources */,
			);
			runOnlyForDeploymentPostprocessing = 0;
		};
/* End PBXSourcesBuildPhase section */

/* Begin PBXTargetDependency section */
		6B02BCF32C0F615F0035E44E /* PBXTargetDependency */ = {
			isa = PBXTargetDependency;
			target = 6B02BCE02C0F615D0035E44E /* CyclOps */;
			targetProxy = 6B02BCF22C0F615F0035E44E /* PBXContainerItemProxy */;
		};
		6B02BCFD2C0F615F0035E44E /* PBXTargetDependency */ = {
			isa = PBXTargetDependency;
			target = 6B02BCE02C0F615D0035E44E /* CyclOps */;
			targetProxy = 6B02BCFC2C0F615F0035E44E /* PBXContainerItemProxy */;
		};
/* End PBXTargetDependency section */

/* Begin XCBuildConfiguration section */
		6B02BD032C0F615F0035E44E /* Debug */ = {
			isa = XCBuildConfiguration;
			buildSettings = {
				ALWAYS_SEARCH_USER_PATHS = NO;
				ASSETCATALOG_COMPILER_GENERATE_SWIFT_ASSET_SYMBOL_EXTENSIONS = YES;
				CLANG_ANALYZER_NONNULL = YES;
				CLANG_ANALYZER_NUMBER_OBJECT_CONVERSION = YES_AGGRESSIVE;
				CLANG_CXX_LANGUAGE_STANDARD = "gnu++20";
				CLANG_ENABLE_MODULES = YES;
				CLANG_ENABLE_OBJC_ARC = YES;
				CLANG_ENABLE_OBJC_WEAK = YES;
				CLANG_WARN_BLOCK_CAPTURE_AUTORELEASING = YES;
				CLANG_WARN_BOOL_CONVERSION = YES;
				CLANG_WARN_COMMA = YES;
				CLANG_WARN_CONSTANT_CONVERSION = YES;
				CLANG_WARN_DEPRECATED_OBJC_IMPLEMENTATIONS = YES;
				CLANG_WARN_DIRECT_OBJC_ISA_USAGE = YES_ERROR;
				CLANG_WARN_DOCUMENTATION_COMMENTS = YES;
				CLANG_WARN_EMPTY_BODY = YES;
				CLANG_WARN_ENUM_CONVERSION = YES;
				CLANG_WARN_INFINITE_RECURSION = YES;
				CLANG_WARN_INT_CONVERSION = YES;
				CLANG_WARN_NON_LITERAL_NULL_CONVERSION = YES;
				CLANG_WARN_OBJC_IMPLICIT_RETAIN_SELF = YES;
				CLANG_WARN_OBJC_LITERAL_CONVERSION = YES;
				CLANG_WARN_OBJC_ROOT_CLASS = YES_ERROR;
				CLANG_WARN_QUOTED_INCLUDE_IN_FRAMEWORK_HEADER = YES;
				CLANG_WARN_RANGE_LOOP_ANALYSIS = YES;
				CLANG_WARN_STRICT_PROTOTYPES = YES;
				CLANG_WARN_SUSPICIOUS_MOVE = YES;
				CLANG_WARN_UNGUARDED_AVAILABILITY = YES_AGGRESSIVE;
				CLANG_WARN_UNREACHABLE_CODE = YES;
				CLANG_WARN__DUPLICATE_METHOD_MATCH = YES;
				COPY_PHASE_STRIP = NO;
				DEBUG_INFORMATION_FORMAT = dwarf;
				ENABLE_STRICT_OBJC_MSGSEND = YES;
				ENABLE_TESTABILITY = YES;
				ENABLE_USER_SCRIPT_SANDBOXING = YES;
				GCC_C_LANGUAGE_STANDARD = gnu17;
				GCC_DYNAMIC_NO_PIC = NO;
				GCC_NO_COMMON_BLOCKS = YES;
				GCC_OPTIMIZATION_LEVEL = 0;
				GCC_PREPROCESSOR_DEFINITIONS = (
					"DEBUG=1",
					"$(inherited)",
				);
				GCC_WARN_64_TO_32_BIT_CONVERSION = YES;
				GCC_WARN_ABOUT_RETURN_TYPE = YES_ERROR;
				GCC_WARN_UNDECLARED_SELECTOR = YES;
				GCC_WARN_UNINITIALIZED_AUTOS = YES_AGGRESSIVE;
				GCC_WARN_UNUSED_FUNCTION = YES;
				GCC_WARN_UNUSED_VARIABLE = YES;
				IPHONEOS_DEPLOYMENT_TARGET = 16.0;
				LOCALIZATION_PREFERS_STRING_CATALOGS = YES;
				MTL_ENABLE_DEBUG_INFO = INCLUDE_SOURCE;
				MTL_FAST_MATH = YES;
				ONLY_ACTIVE_ARCH = YES;
				SDKROOT = iphoneos;
				SWIFT_ACTIVE_COMPILATION_CONDITIONS = "DEBUG $(inherited)";
				SWIFT_OPTIMIZATION_LEVEL = "-Onone";
			};
			name = Debug;
		};
		6B02BD042C0F615F0035E44E /* Release */ = {
			isa = XCBuildConfiguration;
			buildSettings = {
				ALWAYS_SEARCH_USER_PATHS = NO;
				ASSETCATALOG_COMPILER_GENERATE_SWIFT_ASSET_SYMBOL_EXTENSIONS = YES;
				CLANG_ANALYZER_NONNULL = YES;
				CLANG_ANALYZER_NUMBER_OBJECT_CONVERSION = YES_AGGRESSIVE;
				CLANG_CXX_LANGUAGE_STANDARD = "gnu++20";
				CLANG_ENABLE_MODULES = YES;
				CLANG_ENABLE_OBJC_ARC = YES;
				CLANG_ENABLE_OBJC_WEAK = YES;
				CLANG_WARN_BLOCK_CAPTURE_AUTORELEASING = YES;
				CLANG_WARN_BOOL_CONVERSION = YES;
				CLANG_WARN_COMMA = YES;
				CLANG_WARN_CONSTANT_CONVERSION = YES;
				CLANG_WARN_DEPRECATED_OBJC_IMPLEMENTATIONS = YES;
				CLANG_WARN_DIRECT_OBJC_ISA_USAGE = YES_ERROR;
				CLANG_WARN_DOCUMENTATION_COMMENTS = YES;
				CLANG_WARN_EMPTY_BODY = YES;
				CLANG_WARN_ENUM_CONVERSION = YES;
				CLANG_WARN_INFINITE_RECURSION = YES;
				CLANG_WARN_INT_CONVERSION = YES;
				CLANG_WARN_NON_LITERAL_NULL_CONVERSION = YES;
				CLANG_WARN_OBJC_IMPLICIT_RETAIN_SELF = YES;
				CLANG_WARN_OBJC_LITERAL_CONVERSION = YES;
				CLANG_WARN_OBJC_ROOT_CLASS = YES_ERROR;
				CLANG_WARN_QUOTED_INCLUDE_IN_FRAMEWORK_HEADER = YES;
				CLANG_WARN_RANGE_LOOP_ANALYSIS = YES;
				CLANG_WARN_STRICT_PROTOTYPES = YES;
				CLANG_WARN_SUSPICIOUS_MOVE = YES;
				CLANG_WARN_UNGUARDED_AVAILABILITY = YES_AGGRESSIVE;
				CLANG_WARN_UNREACHABLE_CODE = YES;
				CLANG_WARN__DUPLICATE_METHOD_MATCH = YES;
				COPY_PHASE_STRIP = NO;
				DEBUG_INFORMATION_FORMAT = "dwarf-with-dsym";
				ENABLE_NS_ASSERTIONS = NO;
				ENABLE_STRICT_OBJC_MSGSEND = YES;
				ENABLE_USER_SCRIPT_SANDBOXING = YES;
				GCC_C_LANGUAGE_STANDARD = gnu17;
				GCC_NO_COMMON_BLOCKS = YES;
				GCC_WARN_64_TO_32_BIT_CONVERSION = YES;
				GCC_WARN_ABOUT_RETURN_TYPE = YES_ERROR;
				GCC_WARN_UNDECLARED_SELECTOR = YES;
				GCC_WARN_UNINITIALIZED_AUTOS = YES_AGGRESSIVE;
				GCC_WARN_UNUSED_FUNCTION = YES;
				GCC_WARN_UNUSED_VARIABLE = YES;
				IPHONEOS_DEPLOYMENT_TARGET = 16.0;
				LOCALIZATION_PREFERS_STRING_CATALOGS = YES;
				MTL_ENABLE_DEBUG_INFO = NO;
				MTL_FAST_MATH = YES;
				SDKROOT = iphoneos;
				SWIFT_COMPILATION_MODE = wholemodule;
				VALIDATE_PRODUCT = YES;
			};
			name = Release;
		};
		6B02BD062C0F615F0035E44E /* Debug */ = {
			isa = XCBuildConfiguration;
			buildSettings = {
				ASSETCATALOG_COMPILER_APPICON_NAME = AppIcon;
				ASSETCATALOG_COMPILER_GLOBAL_ACCENT_COLOR_NAME = AccentColor;
				CODE_SIGN_STYLE = Automatic;
				CURRENT_PROJECT_VERSION = 1;
				DEVELOPMENT_ASSET_PATHS = "\"CyclOps/Preview Content\"";
				DEVELOPMENT_TEAM = 5989ZS8VKK;
				ENABLE_PREVIEWS = YES;
				GENERATE_INFOPLIST_FILE = YES;
				INFOPLIST_FILE = CyclOps/Info.plist;
				INFOPLIST_KEY_NSBluetoothAlwaysUsageDescription = "Connect Bluetooth enabled camera for Face Forward System.";
				INFOPLIST_KEY_NSCameraUsageDescription = "Uses device camera for Face Forward System";
				INFOPLIST_KEY_UIApplicationSceneManifest_Generation = YES;
				INFOPLIST_KEY_UIApplicationSupportsIndirectInputEvents = YES;
				INFOPLIST_KEY_UILaunchScreen_Generation = YES;
				INFOPLIST_KEY_UISupportedInterfaceOrientations_iPad = "UIInterfaceOrientationPortrait UIInterfaceOrientationPortraitUpsideDown UIInterfaceOrientationLandscapeLeft UIInterfaceOrientationLandscapeRight";
				INFOPLIST_KEY_UISupportedInterfaceOrientations_iPhone = "UIInterfaceOrientationPortrait UIInterfaceOrientationLandscapeLeft UIInterfaceOrientationLandscapeRight";
				LD_RUNPATH_SEARCH_PATHS = (
					"$(inherited)",
					"@executable_path/Frameworks",
				);
				MARKETING_VERSION = 1.0;
				PRODUCT_BUNDLE_IDENTIFIER = com.ronwhite.CyclOps;
				PRODUCT_NAME = "$(TARGET_NAME)";
				SWIFT_EMIT_LOC_STRINGS = YES;
				SWIFT_VERSION = 5.0;
				TARGETED_DEVICE_FAMILY = "1,2";
			};
			name = Debug;
		};
		6B02BD072C0F615F0035E44E /* Release */ = {
			isa = XCBuildConfiguration;
			buildSettings = {
				ASSETCATALOG_COMPILER_APPICON_NAME = AppIcon;
				ASSETCATALOG_COMPILER_GLOBAL_ACCENT_COLOR_NAME = AccentColor;
				CODE_SIGN_STYLE = Automatic;
				CURRENT_PROJECT_VERSION = 1;
				DEVELOPMENT_ASSET_PATHS = "\"CyclOps/Preview Content\"";
				DEVELOPMENT_TEAM = 5989ZS8VKK;
				ENABLE_PREVIEWS = YES;
				GENERATE_INFOPLIST_FILE = YES;
				INFOPLIST_FILE = CyclOps/Info.plist;
				INFOPLIST_KEY_NSBluetoothAlwaysUsageDescription = "Connect Bluetooth enabled camera for Face Forward System.";
				INFOPLIST_KEY_NSCameraUsageDescription = "Uses device camera for Face Forward System";
				INFOPLIST_KEY_UIApplicationSceneManifest_Generation = YES;
				INFOPLIST_KEY_UIApplicationSupportsIndirectInputEvents = YES;
				INFOPLIST_KEY_UILaunchScreen_Generation = YES;
				INFOPLIST_KEY_UISupportedInterfaceOrientations_iPad = "UIInterfaceOrientationPortrait UIInterfaceOrientationPortraitUpsideDown UIInterfaceOrientationLandscapeLeft UIInterfaceOrientationLandscapeRight";
				INFOPLIST_KEY_UISupportedInterfaceOrientations_iPhone = "UIInterfaceOrientationPortrait UIInterfaceOrientationLandscapeLeft UIInterfaceOrientationLandscapeRight";
				LD_RUNPATH_SEARCH_PATHS = (
					"$(inherited)",
					"@executable_path/Frameworks",
				);
				MARKETING_VERSION = 1.0;
				PRODUCT_BUNDLE_IDENTIFIER = com.ronwhite.CyclOps;
				PRODUCT_NAME = "$(TARGET_NAME)";
				SWIFT_EMIT_LOC_STRINGS = YES;
				SWIFT_VERSION = 5.0;
				TARGETED_DEVICE_FAMILY = "1,2";
			};
			name = Release;
		};
		6B02BD092C0F615F0035E44E /* Debug */ = {
			isa = XCBuildConfiguration;
			buildSettings = {
				ALWAYS_EMBED_SWIFT_STANDARD_LIBRARIES = YES;
				BUNDLE_LOADER = "$(TEST_HOST)";
				CODE_SIGN_STYLE = Automatic;
				CURRENT_PROJECT_VERSION = 1;
				DEVELOPMENT_TEAM = 5989ZS8VKK;
				GENERATE_INFOPLIST_FILE = YES;
				IPHONEOS_DEPLOYMENT_TARGET = 17.5;
				MARKETING_VERSION = 1.0;
				PRODUCT_BUNDLE_IDENTIFIER = com.ronwhite.CyclOpsTests;
				PRODUCT_NAME = "$(TARGET_NAME)";
				SWIFT_EMIT_LOC_STRINGS = NO;
				SWIFT_VERSION = 5.0;
				TARGETED_DEVICE_FAMILY = "1,2";
				TEST_HOST = "$(BUILT_PRODUCTS_DIR)/CyclOps.app/$(BUNDLE_EXECUTABLE_FOLDER_PATH)/CyclOps";
			};
			name = Debug;
		};
		6B02BD0A2C0F615F0035E44E /* Release */ = {
			isa = XCBuildConfiguration;
			buildSettings = {
				ALWAYS_EMBED_SWIFT_STANDARD_LIBRARIES = YES;
				BUNDLE_LOADER = "$(TEST_HOST)";
				CODE_SIGN_STYLE = Automatic;
				CURRENT_PROJECT_VERSION = 1;
				DEVELOPMENT_TEAM = 5989ZS8VKK;
				GENERATE_INFOPLIST_FILE = YES;
				IPHONEOS_DEPLOYMENT_TARGET = 17.5;
				MARKETING_VERSION = 1.0;
				PRODUCT_BUNDLE_IDENTIFIER = com.ronwhite.CyclOpsTests;
				PRODUCT_NAME = "$(TARGET_NAME)";
				SWIFT_EMIT_LOC_STRINGS = NO;
				SWIFT_VERSION = 5.0;
				TARGETED_DEVICE_FAMILY = "1,2";
				TEST_HOST = "$(BUILT_PRODUCTS_DIR)/CyclOps.app/$(BUNDLE_EXECUTABLE_FOLDER_PATH)/CyclOps";
			};
			name = Release;
		};
		6B02BD0C2C0F615F0035E44E /* Debug */ = {
			isa = XCBuildConfiguration;
			buildSettings = {
				ALWAYS_EMBED_SWIFT_STANDARD_LIBRARIES = YES;
				CODE_SIGN_STYLE = Automatic;
				CURRENT_PROJECT_VERSION = 1;
				DEVELOPMENT_TEAM = 5989ZS8VKK;
				GENERATE_INFOPLIST_FILE = YES;
				MARKETING_VERSION = 1.0;
				PRODUCT_BUNDLE_IDENTIFIER = com.ronwhite.CyclOpsUITests;
				PRODUCT_NAME = "$(TARGET_NAME)";
				SWIFT_EMIT_LOC_STRINGS = NO;
				SWIFT_VERSION = 5.0;
				TARGETED_DEVICE_FAMILY = "1,2";
				TEST_TARGET_NAME = CyclOps;
			};
			name = Debug;
		};
		6B02BD0D2C0F615F0035E44E /* Release */ = {
			isa = XCBuildConfiguration;
			buildSettings = {
				ALWAYS_EMBED_SWIFT_STANDARD_LIBRARIES = YES;
				CODE_SIGN_STYLE = Automatic;
				CURRENT_PROJECT_VERSION = 1;
				DEVELOPMENT_TEAM = 5989ZS8VKK;
				GENERATE_INFOPLIST_FILE = YES;
				MARKETING_VERSION = 1.0;
				PRODUCT_BUNDLE_IDENTIFIER = com.ronwhite.CyclOpsUITests;
				PRODUCT_NAME = "$(TARGET_NAME)";
				SWIFT_EMIT_LOC_STRINGS = NO;
				SWIFT_VERSION = 5.0;
				TARGETED_DEVICE_FAMILY = "1,2";
				TEST_TARGET_NAME = CyclOps;
			};
			name = Release;
		};
/* End XCBuildConfiguration section */

/* Begin XCConfigurationList section */
		6B02BCDC2C0F615D0035E44E /* Build configuration list for PBXProject "CyclOps" */ = {
			isa = XCConfigurationList;
			buildConfigurations = (
				6B02BD032C0F615F0035E44E /* Debug */,
				6B02BD042C0F615F0035E44E /* Release */,
			);
			defaultConfigurationIsVisible = 0;
			defaultConfigurationName = Release;
		};
		6B02BD052C0F615F0035E44E /* Build configuration list for PBXNativeTarget "CyclOps" */ = {
			isa = XCConfigurationList;
			buildConfigurations = (
				6B02BD062C0F615F0035E44E /* Debug */,
				6B02BD072C0F615F0035E44E /* Release */,
			);
			defaultConfigurationIsVisible = 0;
			defaultConfigurationName = Release;
		};
		6B02BD082C0F615F0035E44E /* Build configuration list for PBXNativeTarget "CyclOpsTests" */ = {
			isa = XCConfigurationList;
			buildConfigurations = (
				6B02BD092C0F615F0035E44E /* Debug */,
				6B02BD0A2C0F615F0035E44E /* Release */,
			);
			defaultConfigurationIsVisible = 0;
			defaultConfigurationName = Release;
		};
		6B02BD0B2C0F615F0035E44E /* Build configuration list for PBXNativeTarget "CyclOpsUITests" */ = {
			isa = XCConfigurationList;
			buildConfigurations = (
				6B02BD0C2C0F615F0035E44E /* Debug */,
				6B02BD0D2C0F615F0035E44E /* Release */,
			);
			defaultConfigurationIsVisible = 0;
			defaultConfigurationName = Release;
		};
/* End XCConfigurationList section */
	};
	rootObject = 6B02BCD92C0F615D0035E44E /* Project object */;
}
